
Microsoft Visual Studio Solution File, Format Version 12.00
# Visual Studio Version 17
VisualStudioVersion = 17.0.31903.59
MinimumVisualStudioVersion = 10.0.40219.1
Project("{2150E333-8FDC-42A3-9474-1A3956D46DE8}") = "modules", "modules", "{CA253913-39DE-BFD0-C9A3-4B7EC6FBDF17}"
EndProject
Project("{2150E333-8FDC-42A3-9474-1A3956D46DE8}") = "03-csharp-basics", "03-csharp-basics", "{A06848B5-DD5B-574B-26A7-27058A16CE2F}"
EndProject
Project("{FAE04EC0-301F-11D3-BF4B-00C04F79EFBC}") = "Solution", "modules\03-csharp-basics\Solution\Solution.csproj", "{7E8050D9-F192-4F0B-A144-E43EBABF62EC}"
EndProject
Project("{FAE04EC0-301F-11D3-BF4B-00C04F79EFBC}") = "Tests", "modules\03-csharp-basics\Tests\Tests.csproj", "{83AAD990-2612-4C07-B06E-CDC39DC3023E}"
EndProject
Project("{2150E333-8FDC-42A3-9474-1A3956D46DE8}") = "04-algorithms", "04-algorithms", "{DBFF6DE4-0CE5-E408-48CE-27729A4CA4BD}"
EndProject
Project("{FAE04EC0-301F-11D3-BF4B-00C04F79EFBC}") = "Solution", "modules\04-algorithms\Solution\Solution.csproj", "{13624F8C-DEAC-41E7-88F7-83AF6B11529D}"
EndProject
Project("{FAE04EC0-301F-11D3-BF4B-00C04F79EFBC}") = "Tests", "modules\04-algorithms\Tests\Tests.csproj", "{4B72A6F4-51E0-4C72-A093-EBF1243EC2AC}"
EndProject
Project("{2150E333-8FDC-42A3-9474-1A3956D46DE8}") = "05-console-app", "05-console-app", "{F4F370EE-2AD8-49B8-C205-A94ECB9C97FA}"
EndProject
Project("{FAE04EC0-301F-11D3-BF4B-00C04F79EFBC}") = "Solution", "modules\05-console-app\Solution\Solution.csproj", "{69070A9F-A56B-468B-A659-2554EC14651A}"
EndProject
Project("{FAE04EC0-301F-11D3-BF4B-00C04F79EFBC}") = "Tests", "modules\05-console-app\Tests\Tests.csproj", "{C3E4A498-02AE-4057-9556-69F116A3EDFA}"
EndProject
Global
	GlobalSection(SolutionConfigurationPlatforms) = preSolution
		Debug|Any CPU = Debug|Any CPU
		Debug|x64 = Debug|x64
		Debug|x86 = Debug|x86
		Release|Any CPU = Release|Any CPU
		Release|x64 = Release|x64
		Release|x86 = Release|x86
	EndGlobalSection
	GlobalSection(ProjectConfigurationPlatforms) = postSolution
		{7E8050D9-F192-4F0B-A144-E43EBABF62EC}.Debug|Any CPU.ActiveCfg = Debug|Any CPU
		{7E8050D9-F192-4F0B-A144-E43EBABF62EC}.Debug|Any CPU.Build.0 = Debug|Any CPU
		{7E8050D9-F192-4F0B-A144-E43EBABF62EC}.Debug|x64.ActiveCfg = Debug|Any CPU
		{7E8050D9-F192-4F0B-A144-E43EBABF62EC}.Debug|x64.Build.0 = Debug|Any CPU
		{7E8050D9-F192-4F0B-A144-E43EBABF62EC}.Debug|x86.ActiveCfg = Debug|Any CPU
		{7E8050D9-F192-4F0B-A144-E43EBABF62EC}.Debug|x86.Build.0 = Debug|Any CPU
		{7E8050D9-F192-4F0B-A144-E43EBABF62EC}.Release|Any CPU.ActiveCfg = Release|Any CPU
		{7E8050D9-F192-4F0B-A144-E43EBABF62EC}.Release|Any CPU.Build.0 = Release|Any CPU
		{7E8050D9-F192-4F0B-A144-E43EBABF62EC}.Release|x64.ActiveCfg = Release|Any CPU
		{7E8050D9-F192-4F0B-A144-E43EBABF62EC}.Release|x64.Build.0 = Release|Any CPU
		{7E8050D9-F192-4F0B-A144-E43EBABF62EC}.Release|x86.ActiveCfg = Release|Any CPU
		{7E8050D9-F192-4F0B-A144-E43EBABF62EC}.Release|x86.Build.0 = Release|Any CPU
		{83AAD990-2612-4C07-B06E-CDC39DC3023E}.Debug|Any CPU.ActiveCfg = Debug|Any CPU
		{83AAD990-2612-4C07-B06E-CDC39DC3023E}.Debug|Any CPU.Build.0 = Debug|Any CPU
		{83AAD990-2612-4C07-B06E-CDC39DC3023E}.Debug|x64.ActiveCfg = Debug|Any CPU
		{83AAD990-2612-4C07-B06E-CDC39DC3023E}.Debug|x64.Build.0 = Debug|Any CPU
		{83AAD990-2612-4C07-B06E-CDC39DC3023E}.Debug|x86.ActiveCfg = Debug|Any CPU
		{83AAD990-2612-4C07-B06E-CDC39DC3023E}.Debug|x86.Build.0 = Debug|Any CPU
		{83AAD990-2612-4C07-B06E-CDC39DC3023E}.Release|Any CPU.ActiveCfg = Release|Any CPU
		{83AAD990-2612-4C07-B06E-CDC39DC3023E}.Release|Any CPU.Build.0 = Release|Any CPU
		{83AAD990-2612-4C07-B06E-CDC39DC3023E}.Release|x64.ActiveCfg = Release|Any CPU
		{83AAD990-2612-4C07-B06E-CDC39DC3023E}.Release|x64.Build.0 = Release|Any CPU
		{83AAD990-2612-4C07-B06E-CDC39DC3023E}.Release|x86.ActiveCfg = Release|Any CPU
		{83AAD990-2612-4C07-B06E-CDC39DC3023E}.Release|x86.Build.0 = Release|Any CPU
		{13624F8C-DEAC-41E7-88F7-83AF6B11529D}.Debug|Any CPU.ActiveCfg = Debug|Any CPU
		{13624F8C-DEAC-41E7-88F7-83AF6B11529D}.Debug|Any CPU.Build.0 = Debug|Any CPU
		{13624F8C-DEAC-41E7-88F7-83AF6B11529D}.Debug|x64.ActiveCfg = Debug|Any CPU
		{13624F8C-DEAC-41E7-88F7-83AF6B11529D}.Debug|x64.Build.0 = Debug|Any CPU
		{13624F8C-DEAC-41E7-88F7-83AF6B11529D}.Debug|x86.ActiveCfg = Debug|Any CPU
		{13624F8C-DEAC-41E7-88F7-83AF6B11529D}.Debug|x86.Build.0 = Debug|Any CPU
		{13624F8C-DEAC-41E7-88F7-83AF6B11529D}.Release|Any CPU.ActiveCfg = Release|Any CPU
		{13624F8C-DEAC-41E7-88F7-83AF6B11529D}.Release|Any CPU.Build.0 = Release|Any CPU
		{13624F8C-DEAC-41E7-88F7-83AF6B11529D}.Release|x64.ActiveCfg = Release|Any CPU
		{13624F8C-DEAC-41E7-88F7-83AF6B11529D}.Release|x64.Build.0 = Release|Any CPU
		{13624F8C-DEAC-41E7-88F7-83AF6B11529D}.Release|x86.ActiveCfg = Release|Any CPU
		{13624F8C-DEAC-41E7-88F7-83AF6B11529D}.Release|x86.Build.0 = Release|Any CPU
		{4B72A6F4-51E0-4C72-A093-EBF1243EC2AC}.Debug|Any CPU.ActiveCfg = Debug|Any CPU
		{4B72A6F4-51E0-4C72-A093-EBF1243EC2AC}.Debug|Any CPU.Build.0 = Debug|Any CPU
		{4B72A6F4-51E0-4C72-A093-EBF1243EC2AC}.Debug|x64.ActiveCfg = Debug|Any CPU
		{4B72A6F4-51E0-4C72-A093-EBF1243EC2AC}.Debug|x64.Build.0 = Debug|Any CPU
		{4B72A6F4-51E0-4C72-A093-EBF1243EC2AC}.Debug|x86.ActiveCfg = Debug|Any CPU
		{4B72A6F4-51E0-4C72-A093-EBF1243EC2AC}.Debug|x86.Build.0 = Debug|Any CPU
		{4B72A6F4-51E0-4C72-A093-EBF1243EC2AC}.Release|Any CPU.ActiveCfg = Release|Any CPU
		{4B72A6F4-51E0-4C72-A093-EBF1243EC2AC}.Release|Any CPU.Build.0 = Release|Any CPU
		{4B72A6F4-51E0-4C72-A093-EBF1243EC2AC}.Release|x64.ActiveCfg = Release|Any CPU
		{4B72A6F4-51E0-4C72-A093-EBF1243EC2AC}.Release|x64.Build.0 = Release|Any CPU
		{4B72A6F4-51E0-4C72-A093-EBF1243EC2AC}.Release|x86.ActiveCfg = Release|Any CPU
		{4B72A6F4-51E0-4C72-A093-EBF1243EC2AC}.Release|x86.Build.0 = Release|Any CPU
		{69070A9F-A56B-468B-A659-2554EC14651A}.Debug|Any CPU.ActiveCfg = Debug|Any CPU
		{69070A9F-A56B-468B-A659-2554EC14651A}.Debug|Any CPU.Build.0 = Debug|Any CPU
		{69070A9F-A56B-468B-A659-2554EC14651A}.Debug|x64.ActiveCfg = Debug|Any CPU
		{69070A9F-A56B-468B-A659-2554EC14651A}.Debug|x64.Build.0 = Debug|Any CPU
		{69070A9F-A56B-468B-A659-2554EC14651A}.Debug|x86.ActiveCfg = Debug|Any CPU
		{69070A9F-A56B-468B-A659-2554EC14651A}.Debug|x86.Build.0 = Debug|Any CPU
		{69070A9F-A56B-468B-A659-2554EC14651A}.Release|Any CPU.ActiveCfg = Release|Any CPU
		{69070A9F-A56B-468B-A659-2554EC14651A}.Release|Any CPU.Build.0 = Release|Any CPU
		{69070A9F-A56B-468B-A659-2554EC14651A}.Release|x64.ActiveCfg = Release|Any CPU
		{69070A9F-A56B-468B-A659-2554EC14651A}.Release|x64.Build.0 = Release|Any CPU
		{69070A9F-A56B-468B-A659-2554EC14651A}.Release|x86.ActiveCfg = Release|Any CPU
		{69070A9F-A56B-468B-A659-2554EC14651A}.Release|x86.Build.0 = Release|Any CPU
		{C3E4A498-02AE-4057-9556-69F116A3EDFA}.Debug|Any CPU.ActiveCfg = Debug|Any CPU
		{C3E4A498-02AE-4057-9556-69F116A3EDFA}.Debug|Any CPU.Build.0 = Debug|Any CPU
		{C3E4A498-02AE-4057-9556-69F116A3EDFA}.Debug|x64.ActiveCfg = Debug|Any CPU
		{C3E4A498-02AE-4057-9556-69F116A3EDFA}.Debug|x64.Build.0 = Debug|Any CPU
		{C3E4A498-02AE-4057-9556-69F116A3EDFA}.Debug|x86.ActiveCfg = Debug|Any CPU
		{C3E4A498-02AE-4057-9556-69F116A3EDFA}.Debug|x86.Build.0 = Debug|Any CPU
		{C3E4A498-02AE-4057-9556-69F116A3EDFA}.Release|Any CPU.ActiveCfg = Release|Any CPU
		{C3E4A498-02AE-4057-9556-69F116A3EDFA}.Release|Any CPU.Build.0 = Release|Any CPU
		{C3E4A498-02AE-4057-9556-69F116A3EDFA}.Release|x64.ActiveCfg = Release|Any CPU
		{C3E4A498-02AE-4057-9556-69F116A3EDFA}.Release|x64.Build.0 = Release|Any CPU
		{C3E4A498-02AE-4057-9556-69F116A3EDFA}.Release|x86.ActiveCfg = Release|Any CPU
		{C3E4A498-02AE-4057-9556-69F116A3EDFA}.Release|x86.Build.0 = Release|Any CPU
	EndGlobalSection
	GlobalSection(SolutionProperties) = preSolution
		HideSolutionNode = FALSE
	EndGlobalSection
	GlobalSection(NestedProjects) = preSolution
		{A06848B5-DD5B-574B-26A7-27058A16CE2F} = {CA253913-39DE-BFD0-C9A3-4B7EC6FBDF17}
		{7E8050D9-F192-4F0B-A144-E43EBABF62EC} = {A06848B5-DD5B-574B-26A7-27058A16CE2F}
		{83AAD990-2612-4C07-B06E-CDC39DC3023E} = {A06848B5-DD5B-574B-26A7-27058A16CE2F}
		{DBFF6DE4-0CE5-E408-48CE-27729A4CA4BD} = {CA253913-39DE-BFD0-C9A3-4B7EC6FBDF17}
		{13624F8C-DEAC-41E7-88F7-83AF6B11529D} = {DBFF6DE4-0CE5-E408-48CE-27729A4CA4BD}
		{4B72A6F4-51E0-4C72-A093-EBF1243EC2AC} = {DBFF6DE4-0CE5-E408-48CE-27729A4CA4BD}
		{F4F370EE-2AD8-49B8-C205-A94ECB9C97FA} = {CA253913-39DE-BFD0-C9A3-4B7EC6FBDF17}
		{69070A9F-A56B-468B-A659-2554EC14651A} = {F4F370EE-2AD8-49B8-C205-A94ECB9C97FA}
		{C3E4A498-02AE-4057-9556-69F116A3EDFA} = {F4F370EE-2AD8-49B8-C205-A94ECB9C97FA}
	EndGlobalSection
EndGlobal
